
Microsoft Visual Studio Solution File, Format Version 12.00
# Visual Studio Version 17
VisualStudioVersion = 17.0.31903.59
MinimumVisualStudioVersion = 10.0.40219.1
Project("{8BC9CEB8-8B4A-11D0-8D11-00A0C91BC942}") = "Distinct triplet sum", "Distinct triplet sum\Distinct triplet sum.vcxproj", "{5A5412AC-8E87-4A06-BD89-0B7E728AA601}"
EndProject
Global
	GlobalSection(SolutionConfigurationPlatforms) = preSolution
		Debug|x64 = Debug|x64
		Debug|x86 = Debug|x86
		Release|x64 = Release|x64
		Release|x86 = Release|x86
	EndGlobalSection
	GlobalSection(ProjectConfigurationPlatforms) = postSolution
		{5A5412AC-8E87-4A06-BD89-0B7E728AA601}.Debug|x64.ActiveCfg = Debug|x64
		{5A5412AC-8E87-4A06-BD89-0B7E728AA601}.Debug|x64.Build.0 = Debug|x64
		{5A5412AC-8E87-4A06-BD89-0B7E728AA601}.Debug|x86.ActiveCfg = Debug|Win32
		{5A5412AC-8E87-4A06-BD89-0B7E728AA601}.Debug|x86.Build.0 = Debug|Win32
		{5A5412AC-8E87-4A06-BD89-0B7E728AA601}.Release|x64.ActiveCfg = Release|x64
		{5A5412AC-8E87-4A06-BD89-0B7E728AA601}.Release|x64.Build.0 = Release|x64
		{5A5412AC-8E87-4A06-BD89-0B7E728AA601}.Release|x86.ActiveCfg = Release|Win32
		{5A5412AC-8E87-4A06-BD89-0B7E728AA601}.Release|x86.Build.0 = Release|Win32
	EndGlobalSection
	GlobalSection(SolutionProperties) = preSolution
		HideSolutionNode = FALSE
	EndGlobalSection
	GlobalSection(ExtensibilityGlobals) = postSolution
		SolutionGuid = {C9680C51-8B9F-4C23-BA62-32C53DB3AACA}
	EndGlobalSection
EndGlobal
